// !$*UTF8*$!
{
	archiveVersion = 1;
	classes = {
	};
	objectVersion = 46;
	objects = {

/* Begin PBXBuildFile section */
		D8333F851A07361700823EE5 /* main.m in Sources */ = {isa = PBXBuildFile; fileRef = D8333F841A07361700823EE5 /* main.m */; };
		D8333F881A07361700823EE5 /* AppDelegate.m in Sources */ = {isa = PBXBuildFile; fileRef = D8333F871A07361700823EE5 /* AppDelegate.m */; };
		D8333F8B1A07361700823EE5 /* ViewController.m in Sources */ = {isa = PBXBuildFile; fileRef = D8333F8A1A07361700823EE5 /* ViewController.m */; };
		D8333F8E1A07361700823EE5 /* Main.storyboard in Resources */ = {isa = PBXBuildFile; fileRef = D8333F8C1A07361700823EE5 /* Main.storyboard */; };
		D8333F901A07361700823EE5 /* Images.xcassets in Resources */ = {isa = PBXBuildFile; fileRef = D8333F8F1A07361700823EE5 /* Images.xcassets */; };
		D8333F931A07361700823EE5 /* LaunchScreen.xib in Resources */ = {isa = PBXBuildFile; fileRef = D8333F911A07361700823EE5 /* LaunchScreen.xib */; };
		D8333F9F1A07361700823EE5 /* randomObjectDemoTests.m in Sources */ = {isa = PBXBuildFile; fileRef = D8333F9E1A07361700823EE5 /* randomObjectDemoTests.m */; };
		D8333FAA1A07362B00823EE5 /* NSMutableArray+randomObject.m in Sources */ = {isa = PBXBuildFile; fileRef = D8333FA91A07362B00823EE5 /* NSMutableArray+randomObject.m */; };
/* End PBXBuildFile section */

/* Begin PBXContainerItemProxy section */
		D8333F991A07361700823EE5 /* PBXContainerItemProxy */ = {
			isa = PBXContainerItemProxy;
			containerPortal = D8333F771A07361700823EE5 /* Project object */;
			proxyType = 1;
			remoteGlobalIDString = D8333F7E1A07361700823EE5;
			remoteInfo = randomObjectDemo;
		};
/* End PBXContainerItemProxy section */

/* Begin PBXFileReference section */
		D8333F7F1A07361700823EE5 /* randomObjectDemo.app */ = {isa = PBXFileReference; explicitFileType = wrapper.application; includeInIndex = 0; path = randomObjectDemo.app; sourceTree = BUILT_PRODUCTS_DIR; };
		D8333F831A07361700823EE5 /* Info.plist */ = {isa = PBXFileReference; lastKnownFileType = text.plist.xml; path = Info.plist; sourceTree = "<group>"; };
		D8333F841A07361700823EE5 /* main.m */ = {isa = PBXFileReference; lastKnownFileType = sourcecode.c.objc; path = main.m; sourceTree = "<group>"; };
		D8333F861A07361700823EE5 /* AppDelegate.h */ = {isa = PBXFileReference; lastKnownFileType = sourcecode.c.h; path = AppDelegate.h; sourceTree = "<group>"; };
		D8333F871A07361700823EE5 /* AppDelegate.m */ = {isa = PBXFileReference; lastKnownFileType = sourcecode.c.objc; path = AppDelegate.m; sourceTree = "<group>"; };
		D8333F891A07361700823EE5 /* ViewController.h */ = {isa = PBXFileReference; lastKnownFileType = sourcecode.c.h; path = ViewController.h; sourceTree = "<group>"; };
		D8333F8A1A07361700823EE5 /* ViewController.m */ = {isa = PBXFileReference; lastKnownFileType = sourcecode.c.objc; path = ViewController.m; sourceTree = "<group>"; };
		D8333F8D1A07361700823EE5 /* Base */ = {isa = PBXFileReference; lastKnownFileType = file.storyboard; name = Base; path = Base.lproj/Main.storyboard; sourceTree = "<group>"; };
		D8333F8F1A07361700823EE5 /* Images.xcassets */ = {isa = PBXFileReference; lastKnownFileType = folder.assetcatalog; path = Images.xcassets; sourceTree = "<group>"; };
		D8333F921A07361700823EE5 /* Base */ = {isa = PBXFileReference; lastKnownFileType = file.xib; name = Base; path = Base.lproj/LaunchScreen.xib; sourceTree = "<group>"; };
		D8333F981A07361700823EE5 /* randomObjectDemoTests.xctest */ = {isa = PBXFileReference; explicitFileType = wrapper.cfbundle; includeInIndex = 0; path = randomObjectDemoTests.xctest; sourceTree = BUILT_PRODUCTS_DIR; };
		D8333F9D1A07361700823EE5 /* Info.plist */ = {isa = PBXFileReference; lastKnownFileType = text.plist.xml; path = Info.plist; sourceTree = "<group>"; };
		D8333F9E1A07361700823EE5 /* randomObjectDemoTests.m */ = {isa = PBXFileReference; lastKnownFileType = sourcecode.c.objc; path = randomObjectDemoTests.m; sourceTree = "<group>"; };
		D8333FA81A07362B00823EE5 /* NSMutableArray+randomObject.h */ = {isa = PBXFileReference; fileEncoding = 4; lastKnownFileType = sourcecode.c.h; path = "NSMutableArray+randomObject.h"; sourceTree = "<group>"; };
		D8333FA91A07362B00823EE5 /* NSMutableArray+randomObject.m */ = {isa = PBXFileReference; fileEncoding = 4; lastKnownFileType = sourcecode.c.objc; path = "NSMutableArray+randomObject.m"; sourceTree = "<group>"; };
/* End PBXFileReference section */

/* Begin PBXFrameworksBuildPhase section */
		D8333F7C1A07361700823EE5 /* Frameworks */ = {
			isa = PBXFrameworksBuildPhase;
			buildActionMask = 2147483647;
			files = (
			);
			runOnlyForDeploymentPostprocessing = 0;
		};
		D8333F951A07361700823EE5 /* Frameworks */ = {
			isa = PBXFrameworksBuildPhase;
			buildActionMask = 2147483647;
			files = (
			);
			runOnlyForDeploymentPostprocessing = 0;
		};
/* End PBXFrameworksBuildPhase section */

/* Begin PBXGroup section */
		D8333F761A07361700823EE5 = {
			isa = PBXGroup;
			children = (
				D8333F811A07361700823EE5 /* randomObjectDemo */,
				D8333F9B1A07361700823EE5 /* randomObjectDemoTests */,
				D8333F801A07361700823EE5 /* Products */,
			);
			sourceTree = "<group>";
		};
		D8333F801A07361700823EE5 /* Products */ = {
			isa = PBXGroup;
			children = (
				D8333F7F1A07361700823EE5 /* randomObjectDemo.app */,
				D8333F981A07361700823EE5 /* randomObjectDemoTests.xctest */,
			);
			name = Products;
			sourceTree = "<group>";
		};
		D8333F811A07361700823EE5 /* randomObjectDemo */ = {
			isa = PBXGroup;
			children = (
				D8333FA81A07362B00823EE5 /* NSMutableArray+randomObject.h */,
				D8333FA91A07362B00823EE5 /* NSMutableArray+randomObject.m */,
				D8333F861A07361700823EE5 /* AppDelegate.h */,
				D8333F871A07361700823EE5 /* AppDelegate.m */,
				D8333F891A07361700823EE5 /* ViewController.h */,
				D8333F8A1A07361700823EE5 /* ViewController.m */,
				D8333F8C1A07361700823EE5 /* Main.storyboard */,
				D8333F8F1A07361700823EE5 /* Images.xcassets */,
				D8333F911A07361700823EE5 /* LaunchScreen.xib */,
				D8333F821A07361700823EE5 /* Supporting Files */,
			);
			path = randomObjectDemo;
			sourceTree = "<group>";
		};
		D8333F821A07361700823EE5 /* Supporting Files */ = {
			isa = PBXGroup;
			children = (
				D8333F831A07361700823EE5 /* Info.plist */,
				D8333F841A07361700823EE5 /* main.m */,
			);
			name = "Supporting Files";
			sourceTree = "<group>";
		};
		D8333F9B1A07361700823EE5 /* randomObjectDemoTests */ = {
			isa = PBXGroup;
			children = (
				D8333F9E1A07361700823EE5 /* randomObjectDemoTests.m */,
				D8333F9C1A07361700823EE5 /* Supporting Files */,
			);
			path = randomObjectDemoTests;
			sourceTree = "<group>";
		};
		D8333F9C1A07361700823EE5 /* Supporting Files */ = {
			isa = PBXGroup;
			children = (
				D8333F9D1A07361700823EE5 /* Info.plist */,
			);
			name = "Supporting Files";
			sourceTree = "<group>";
		};
/* End PBXGroup section */

/* Begin PBXNativeTarget section */
		D8333F7E1A07361700823EE5 /* randomObjectDemo */ = {
			isa = PBXNativeTarget;
			buildConfigurationList = D8333FA21A07361700823EE5 /* Build configuration list for PBXNativeTarget "randomObjectDemo" */;
			buildPhases = (
				D8333F7B1A07361700823EE5 /* Sources */,
				D8333F7C1A07361700823EE5 /* Frameworks */,
				D8333F7D1A07361700823EE5 /* Resources */,
			);
			buildRules = (
			);
			dependencies = (
			);
			name = randomObjectDemo;
			productName = randomObjectDemo;
			productReference = D8333F7F1A07361700823EE5 /* randomObjectDemo.app */;
			productType = "com.apple.product-type.application";
		};
		D8333F971A07361700823EE5 /* randomObjectDemoTests */ = {
			isa = PBXNativeTarget;
			buildConfigurationList = D8333FA51A07361700823EE5 /* Build configuration list for PBXNativeTarget "randomObjectDemoTests" */;
			buildPhases = (
				D8333F941A07361700823EE5 /* Sources */,
				D8333F951A07361700823EE5 /* Frameworks */,
				D8333F961A07361700823EE5 /* Resources */,
			);
			buildRules = (
			);
			dependencies = (
				D8333F9A1A07361700823EE5 /* PBXTargetDependency */,
			);
			name = randomObjectDemoTests;
			productName = randomObjectDemoTests;
			productReference = D8333F981A07361700823EE5 /* randomObjectDemoTests.xctest */;
			productType = "com.apple.product-type.bundle.unit-test";
		};
/* End PBXNativeTarget section */

/* Begin PBXProject section */
		D8333F771A07361700823EE5 /* Project object */ = {
			isa = PBXProject;
			attributes = {
				LastUpgradeCheck = 0610;
				ORGANIZATIONNAME = Yorke;
				TargetAttributes = {
					D8333F7E1A07361700823EE5 = {
						CreatedOnToolsVersion = 6.1;
					};
					D8333F971A07361700823EE5 = {
						CreatedOnToolsVersion = 6.1;
						TestTargetID = D8333F7E1A07361700823EE5;
					};
				};
			};
			buildConfigurationList = D8333F7A1A07361700823EE5 /* Build configuration list for PBXProject "randomObjectDemo" */;
			compatibilityVersion = "Xcode 3.2";
			developmentRegion = English;
			hasScannedForEncodings = 0;
			knownRegions = (
				en,
				Base,
			);
			mainGroup = D8333F761A07361700823EE5;
			productRefGroup = D8333F801A07361700823EE5 /* Products */;
			projectDirPath = "";
			projectRoot = "";
			targets = (
				D8333F7E1A07361700823EE5 /* randomObjectDemo */,
				D8333F971A07361700823EE5 /* randomObjectDemoTests */,
			);
		};
/* End PBXProject section */

/* Begin PBXResourcesBuildPhase section */
		D8333F7D1A07361700823EE5 /* Resources */ = {
			isa = PBXResourcesBuildPhase;
			buildActionMask = 2147483647;
			files = (
				D8333F8E1A07361700823EE5 /* Main.storyboard in Resources */,
				D8333F931A07361700823EE5 /* LaunchScreen.xib in Resources */,
				D8333F901A07361700823EE5 /* Images.xcassets in Resources */,
			);
			runOnlyForDeploymentPostprocessing = 0;
		};
		D8333F961A07361700823EE5 /* Resources */ = {
			isa = PBXResourcesBuildPhase;
			buildActionMask = 2147483647;
			files = (
			);
			runOnlyForDeploymentPostprocessing = 0;
		};
/* End PBXResourcesBuildPhase section */

/* Begin PBXSourcesBuildPhase section */
		D8333F7B1A07361700823EE5 /* Sources */ = {
			isa = PBXSourcesBuildPhase;
			buildActionMask = 2147483647;
			files = (
				D8333F8B1A07361700823EE5 /* ViewController.m in Sources */,
				D8333FAA1A07362B00823EE5 /* NSMutableArray+randomObject.m in Sources */,
				D8333F881A07361700823EE5 /* AppDelegate.m in Sources */,
				D8333F851A07361700823EE5 /* main.m in Sources */,
			);
			runOnlyForDeploymentPostprocessing = 0;
		};
		D8333F941A07361700823EE5 /* Sources */ = {
			isa = PBXSourcesBuildPhase;
			buildActionMask = 2147483647;
			files = (
				D8333F9F1A07361700823EE5 /* randomObjectDemoTests.m in Sources */,
			);
			runOnlyForDeploymentPostprocessing = 0;
		};
/* End PBXSourcesBuildPhase section */

/* Begin PBXTargetDependency section */
		D8333F9A1A07361700823EE5 /* PBXTargetDependency */ = {
			isa = PBXTargetDependency;
			target = D8333F7E1A07361700823EE5 /* randomObjectDemo */;
			targetProxy = D8333F991A07361700823EE5 /* PBXContainerItemProxy */;
		};
/* End PBXTargetDependency section */

/* Begin PBXVariantGroup section */
		D8333F8C1A07361700823EE5 /* Main.storyboard */ = {
			isa = PBXVariantGroup;
			children = (
				D8333F8D1A07361700823EE5 /* Base */,
			);
			name = Main.storyboard;
			sourceTree = "<group>";
		};
		D8333F911A07361700823EE5 /* LaunchScreen.xib */ = {
			isa = PBXVariantGroup;
			children = (
				D8333F921A07361700823EE5 /* Base */,
			);
			name = LaunchScreen.xib;
			sourceTree = "<group>";
		};
/* End PBXVariantGroup section */

/* Begin XCBuildConfiguration section */
		D8333FA01A07361700823EE5 /* Debug */ = {
			isa = XCBuildConfiguration;
			buildSettings = {
				ALWAYS_SEARCH_USER_PATHS = NO;
				CLANG_CXX_LANGUAGE_STANDARD = "gnu++0x";
				CLANG_CXX_LIBRARY = "libc++";
				CLANG_ENABLE_MODULES = YES;
				CLANG_ENABLE_OBJC_ARC = YES;
				CLANG_WARN_BOOL_CONVERSION = YES;
				CLANG_WARN_CONSTANT_CONVERSION = YES;
				CLANG_WARN_DIRECT_OBJC_ISA_USAGE = YES_ERROR;
				CLANG_WARN_EMPTY_BODY = YES;
				CLANG_WARN_ENUM_CONVERSION = YES;
				CLANG_WARN_INT_CONVERSION = YES;
				CLANG_WARN_OBJC_ROOT_CLASS = YES_ERROR;
				CLANG_WARN_UNREACHABLE_CODE = YES;
				CLANG_WARN__DUPLICATE_METHOD_MATCH = YES;
				"CODE_SIGN_IDENTITY[sdk=iphoneos*]" = "iPhone Developer";
				COPY_PHASE_STRIP = NO;
				ENABLE_STRICT_OBJC_MSGSEND = YES;
				GCC_C_LANGUAGE_STANDARD = gnu99;
				GCC_DYNAMIC_NO_PIC = NO;
				GCC_OPTIMIZATION_LEVEL = 0;
				GCC_PREPROCESSOR_DEFINITIONS = (
					"DEBUG=1",
					"$(inherited)",
				);
				GCC_SYMBOLS_PRIVATE_EXTERN = NO;
				GCC_WARN_64_TO_32_BIT_CONVERSION = YES;
				GCC_WARN_ABOUT_RETURN_TYPE = YES_ERROR;
				GCC_WARN_UNDECLARED_SELECTOR = YES;
				GCC_WARN_UNINITIALIZED_AUTOS = YES_AGGRESSIVE;
				GCC_WARN_UNUSED_FUNCTION = YES;
				GCC_WARN_UNUSED_VARIABLE = YES;
				IPHONEOS_DEPLOYMENT_TARGET = 8.1;
				MTL_ENABLE_DEBUG_INFO = YES;
				ONLY_ACTIVE_ARCH = YES;
				SDKROOT = iphoneos;
			};
			name = Debug;
		};
		D8333FA11A07361700823EE5 /* Release */ = {
			isa = XCBuildConfiguration;
			buildSettings = {
				ALWAYS_SEARCH_USER_PATHS = NO;
				CLANG_CXX_LANGUAGE_STANDARD = "gnu++0x";
				CLANG_CXX_LIBRARY = "libc++";
				CLANG_ENABLE_MODULES = YES;
				CLANG_ENABLE_OBJC_ARC = YES;
				CLANG_WARN_BOOL_CONVERSION = YES;
				CLANG_WARN_CONSTANT_CONVERSION = YES;
				CLANG_WARN_DIRECT_OBJC_ISA_USAGE = YES_ERROR;
				CLANG_WARN_EMPTY_BODY = YES;
				CLANG_WARN_ENUM_CONVERSION = YES;
				CLANG_WARN_INT_CONVERSION = YES;
				CLANG_WARN_OBJC_ROOT_CLASS = YES_ERROR;
				CLANG_WARN_UNREACHABLE_CODE = YES;
				CLANG_WARN__DUPLICATE_METHOD_MATCH = YES;
				"CODE_SIGN_IDENTITY[sdk=iphoneos*]" = "iPhone Developer";
				COPY_PHASE_STRIP = YES;
				ENABLE_NS_ASSERTIONS = NO;
				ENABLE_STRICT_OBJC_MSGSEND = YES;
				GCC_C_LANGUAGE_STANDARD = gnu99;
				GCC_WARN_64_TO_32_BIT_CONVERSION = YES;
				GCC_WARN_ABOUT_RETURN_TYPE = YES_ERROR;
				GCC_WARN_UNDECLARED_SELECTOR = YES;
				GCC_WARN_UNINITIALIZED_AUTOS = YES_AGGRESSIVE;
				GCC_WARN_UNUSED_FUNCTION = YES;
				GCC_WARN_UNUSED_VARIABLE = YES;
				IPHONEOS_DEPLOYMENT_TARGET = 8.1;
				MTL_ENABLE_DEBUG_INFO = NO;
				SDKROOT = iphoneos;
				VALIDATE_PRODUCT = YES;
			};
			name = Release;
		};
		D8333FA31A07361700823EE5 /* Debug */ = {
			isa = XCBuildConfiguration;
			buildSettings = {
				ASSETCATALOG_COMPILER_APPICON_NAME = AppIcon;
				INFOPLIST_FILE = randomObjectDemo/Info.plist;
				LD_RUNPATH_SEARCH_PATHS = "$(inherited) @executable_path/Frameworks";
				PRODUCT_NAME = "$(TARGET_NAME)";
			};
			name = Debug;
		};
		D8333FA41A07361700823EE5 /* Release */ = {
			isa = XCBuildConfiguration;
			buildSettings = {
				ASSETCATALOG_COMPILER_APPICON_NAME = AppIcon;
				INFOPLIST_FILE = randomObjectDemo/Info.plist;
				LD_RUNPATH_SEARCH_PATHS = "$(inherited) @executable_path/Frameworks";
				PRODUCT_NAME = "$(TARGET_NAME)";
			};
			name = Release;
		};
		D8333FA61A07361700823EE5 /* Debug */ = {
			isa = XCBuildConfiguration;
			buildSettings = {
				BUNDLE_LOADER = "$(TEST_HOST)";
				FRAMEWORK_SEARCH_PATHS = (
					"$(SDKROOT)/Developer/Library/Frameworks",
					"$(inherited)",
				);
				GCC_PREPROCESSOR_DEFINITIONS = (
					"DEBUG=1",
					"$(inherited)",
				);
				INFOPLIST_FILE = randomObjectDemoTests/Info.plist;
				LD_RUNPATH_SEARCH_PATHS = "$(inherited) @executable_path/Frameworks @loader_path/Frameworks";
				PRODUCT_NAME = "$(TARGET_NAME)";
				TEST_HOST = "$(BUILT_PRODUCTS_DIR)/randomObjectDemo.app/randomObjectDemo";
			};
			name = Debug;
		};
		D8333FA71A07361700823EE5 /* Release */ = {
			isa = XCBuildConfiguration;
			buildSettings = {
				BUNDLE_LOADER = "$(TEST_HOST)";
				FRAMEWORK_SEARCH_PATHS = (
					"$(SDKROOT)/Developer/Library/Frameworks",
					"$(inherited)",
				);
				INFOPLIST_FILE = randomObjectDemoTests/Info.plist;
				LD_RUNPATH_SEARCH_PATHS = "$(inherited) @executable_path/Frameworks @loader_path/Frameworks";
				PRODUCT_NAME = "$(TARGET_NAME)";
				TEST_HOST = "$(BUILT_PRODUCTS_DIR)/randomObjectDemo.app/randomObjectDemo";
			};
			name = Release;
		};
/* End XCBuildConfiguration section */

/* Begin XCConfigurationList section */
		D8333F7A1A07361700823EE5 /* Build configuration list for PBXProject "randomObjectDemo" */ = {
			isa = XCConfigurationList;
			buildConfigurations = (
				D8333FA01A07361700823EE5 /* Debug */,
				D8333FA11A07361700823EE5 /* Release */,
			);
			defaultConfigurationIsVisible = 0;
			defaultConfigurationName = Release;
		};
		D8333FA21A07361700823EE5 /* Build configuration list for PBXNativeTarget "randomObjectDemo" */ = {
			isa = XCConfigurationList;
			buildConfigurations = (
				D8333FA31A07361700823EE5 /* Debug */,
				D8333FA41A07361700823EE5 /* Release */,
			);
			defaultConfigurationIsVisible = 0;
		};
		D8333FA51A07361700823EE5 /* Build configuration list for PBXNativeTarget "randomObjectDemoTests" */ = {
			isa = XCConfigurationList;
			buildConfigurations = (
				D8333FA61A07361700823EE5 /* Debug */,
				D8333FA71A07361700823EE5 /* Release */,
			);
			defaultConfigurationIsVisible = 0;
		};
/* End XCConfigurationList section */
	};
	rootObject = D8333F771A07361700823EE5 /* Project object */;
}
